Microsoft Visual Studio Solution File, Format Version 12.00
# Visual Studio Version 17
VisualStudioVersion = 17.5.2.0
MinimumVisualStudioVersion = 10.0.40219.1
Project("{FAE04EC0-301F-11D3-BF4B-00C04F79EFBC}") = "BookTradingPlatform", "BookTradingPlatform.csproj", "{29C1EEDB-0333-A1ED-9018-E774BB37AF69}"
EndProject
Global
	GlobalSection(SolutionConfigurationPlatforms) = preSolution
		Debug|Any CPU = Debug|Any CPU
		Release|Any CPU = Release|Any CPU
	EndGlobalSection
	GlobalSection(ProjectConfigurationPlatforms) = postSolution
		{29C1EEDB-0333-A1ED-9018-E774BB37AF69}.Debug|Any CPU.ActiveCfg = Debug|Any CPU
		{29C1EEDB-0333-A1ED-9018-E774BB37AF69}.Debug|Any CPU.Build.0 = Debug|Any CPU
		{29C1EEDB-0333-A1ED-9018-E774BB37AF69}.Release|Any CPU.ActiveCfg = Release|Any CPU
		{29C1EEDB-0333-A1ED-9018-E774BB37AF69}.Release|Any CPU.Build.0 = Release|Any CPU
	EndGlobalSection
	GlobalSection(SolutionProperties) = preSolution
		HideSolutionNode = FALSE
	EndGlobalSection
	GlobalSection(ExtensibilityGlobals) = postSolution
		SolutionGuid = {5EE20B96-B3A1-435C-A09D-1BA3764F3B7E}
	EndGlobalSection
EndGlobal
